<?xml version="1.0" encoding="utf-8"?>
<Project ToolsVersion="4.0" xmlns="http://schemas.microsoft.com/developer/msbuild/2003">
  <ItemGroup>
    <Filter Include="code">
      <UniqueIdentifier>{e59bea87-23e4-4c9c-940b-969240365438}</UniqueIdentifier>
    </Filter>
  </ItemGroup>
  <ItemGroup>
    <ClCompile Include="..\code\main.cpp">
      <Filter>code</Filter>
    </ClCompile>
    <ClCompile Include="..\code\Fileio.cpp">
      <Filter>code</Filter>
    </ClCompile>
    <ClCompile Include="..\code\Vector.cpp">
      <Filter>code</Filter>
    </ClCompile>
    <ClCompile Include="..\code\Hitable.cpp">
      <Filter>code</Filter>
    </ClCompile>
    <ClCompile Include="..\code\Material.cpp">
      <Filter>code</Filter>
    </ClCompile>
    <ClCompile Include="..\code\Random.cpp">
      <Filter>code</Filter>
    </ClCompile>
    <ClCompile Include="..\code\Camera.cpp">
      <Filter>code</Filter>
    </ClCompile>
  </ItemGroup>
  <ItemGroup>
    <ClInclude Include="..\code\Fileio.h">
      <Filter>code</Filter>
    </ClInclude>
    <ClInclude Include="..\code\Vector.h">
      <Filter>code</Filter>
    </ClInclude>
    <ClInclude Include="..\code\Hitable.h">
      <Filter>code</Filter>
    </ClInclude>
    <ClInclude Include="..\code\Material.h">
      <Filter>code</Filter>
    </ClInclude>
    <ClInclude Include="..\code\Ray.h">
      <Filter>code</Filter>
    </ClInclude>
    <ClInclude Include="..\code\Random.h">
      <Filter>code</Filter>
    </ClInclude>
    <ClInclude Include="..\code\Camera.h">
      <Filter>code</Filter>
    </ClInclude>
  </ItemGroup>
</Project>